# THIS IS AN AUTOGENERATED FILE. DO NOT EDIT THIS FILE DIRECTLY.
# yarn lockfile v1


otp-generator@^4.0.1:
  version "4.0.1"
  resolved "https://registry.yarnpkg.com/otp-generator/-/otp-generator-4.0.1.tgz#ec6bb8d0d14c171318e8eb731fdfcd2dd1ad83e7"
  integrity sha512-2TJ52vUftA0+J3eque4wwVtpaL4/NdIXDL0gFWFJFVUAZwAN7+9tltMhL7GCNYaHJtuONoier8Hayyj4HLbSag==
